// !$*UTF8*$!
{
	archiveVersion = 1;
	classes = {
	};
	objectVersion = 46;
	objects = {

/* Begin PBXAggregateTarget section */
		D32878CB161CBEC80023B38D /* Mogenerator */ = {
			isa = PBXAggregateTarget;
			buildConfigurationList = D32878CC161CBEC80023B38D /* Build configuration list for PBXAggregateTarget "Mogenerator" */;
			buildPhases = (
				D32878CF161CBECF0023B38D /* ShellScript */,
			);
			dependencies = (
			);
			name = Mogenerator;
			productName = Mogenerator;
		};
/* End PBXAggregateTarget section */

/* Begin PBXBuildFile section */
		D3287892161CBD500023B38D /* UIKit.framework in Frameworks */ = {isa = PBXBuildFile; fileRef = D3287891161CBD500023B38D /* UIKit.framework */; };
		D3287894161CBD500023B38D /* Foundation.framework in Frameworks */ = {isa = PBXBuildFile; fileRef = D3287893161CBD500023B38D /* Foundation.framework */; };
		D3287896161CBD500023B38D /* CoreGraphics.framework in Frameworks */ = {isa = PBXBuildFile; fileRef = D3287895161CBD500023B38D /* CoreGraphics.framework */; };
		D3287898161CBD500023B38D /* CoreData.framework in Frameworks */ = {isa = PBXBuildFile; fileRef = D3287897161CBD500023B38D /* CoreData.framework */; };
		D328789E161CBD500023B38D /* InfoPlist.strings in Resources */ = {isa = PBXBuildFile; fileRef = D328789C161CBD500023B38D /* InfoPlist.strings */; };
		D32878A0161CBD500023B38D /* main.m in Sources */ = {isa = PBXBuildFile; fileRef = D328789F161CBD500023B38D /* main.m */; };
		D32878A4161CBD500023B38D /* BPAppDelegate.m in Sources */ = {isa = PBXBuildFile; fileRef = D32878A3161CBD500023B38D /* BPAppDelegate.m */; };
		D32878A6161CBD500023B38D /* Default.png in Resources */ = {isa = PBXBuildFile; fileRef = D32878A5161CBD500023B38D /* Default.png */; };
		D32878A8161CBD500023B38D /* Default@2x.png in Resources */ = {isa = PBXBuildFile; fileRef = D32878A7161CBD500023B38D /* Default@2x.png */; };
		D32878AA161CBD500023B38D /* Default-568h@2x.png in Resources */ = {isa = PBXBuildFile; fileRef = D32878A9161CBD500023B38D /* Default-568h@2x.png */; };
		D32878AD161CBD500023B38D /* Region_Monitor.xcdatamodeld in Sources */ = {isa = PBXBuildFile; fileRef = D32878AB161CBD500023B38D /* Region_Monitor.xcdatamodeld */; };
		D32878D8161CBF590023B38D /* BPRegionMonitorViewController.m in Sources */ = {isa = PBXBuildFile; fileRef = D32878D6161CBF590023B38D /* BPRegionMonitorViewController.m */; };
		D32878D9161CBF590023B38D /* BPRegionMonitorViewController.xib in Resources */ = {isa = PBXBuildFile; fileRef = D32878D7161CBF590023B38D /* BPRegionMonitorViewController.xib */; };
		D32878DB161CBFCE0023B38D /* MapKit.framework in Frameworks */ = {isa = PBXBuildFile; fileRef = D32878DA161CBFCE0023B38D /* MapKit.framework */; };
		D32878E0161CC04C0023B38D /* _CDLocationEntry.m in Sources */ = {isa = PBXBuildFile; fileRef = D32878DD161CC04C0023B38D /* _CDLocationEntry.m */; };
		D32878E1161CC04C0023B38D /* CDLocationEntry.m in Sources */ = {isa = PBXBuildFile; fileRef = D32878DF161CC04C0023B38D /* CDLocationEntry.m */; };
		D32878E4161CC1290023B38D /* CoreLocation.framework in Frameworks */ = {isa = PBXBuildFile; fileRef = D32878E3161CC1290023B38D /* CoreLocation.framework */; };
		D3287926161CC5330023B38D /* MagicalImportFunctions.m in Sources */ = {isa = PBXBuildFile; fileRef = D32878EE161CC5330023B38D /* MagicalImportFunctions.m */; };
		D3287927161CC5330023B38D /* NSAttributeDescription+MagicalDataImport.m in Sources */ = {isa = PBXBuildFile; fileRef = D32878F0161CC5330023B38D /* NSAttributeDescription+MagicalDataImport.m */; };
		D3287928161CC5330023B38D /* NSEntityDescription+MagicalDataImport.m in Sources */ = {isa = PBXBuildFile; fileRef = D32878F2161CC5330023B38D /* NSEntityDescription+MagicalDataImport.m */; };
		D3287929161CC5330023B38D /* NSNumber+MagicalDataImport.m in Sources */ = {isa = PBXBuildFile; fileRef = D32878F4161CC5330023B38D /* NSNumber+MagicalDataImport.m */; };
		D328792A161CC5330023B38D /* NSObject+MagicalDataImport.m in Sources */ = {isa = PBXBuildFile; fileRef = D32878F6161CC5330023B38D /* NSObject+MagicalDataImport.m */; };
		D328792B161CC5330023B38D /* NSRelationshipDescription+MagicalDataImport.m in Sources */ = {isa = PBXBuildFile; fileRef = D32878F8161CC5330023B38D /* NSRelationshipDescription+MagicalDataImport.m */; };
		D328792C161CC5330023B38D /* NSString+MagicalDataImport.m in Sources */ = {isa = PBXBuildFile; fileRef = D32878FA161CC5330023B38D /* NSString+MagicalDataImport.m */; };
		D328792D161CC5330023B38D /* NSManagedObject+MagicalAggregation.m in Sources */ = {isa = PBXBuildFile; fileRef = D32878FD161CC5330023B38D /* NSManagedObject+MagicalAggregation.m */; };
		D328792E161CC5330023B38D /* NSManagedObject+MagicalDataImport.m in Sources */ = {isa = PBXBuildFile; fileRef = D32878FF161CC5330023B38D /* NSManagedObject+MagicalDataImport.m */; };
		D328792F161CC5330023B38D /* NSManagedObject+MagicalFinders.m in Sources */ = {isa = PBXBuildFile; fileRef = D3287901161CC5330023B38D /* NSManagedObject+MagicalFinders.m */; };
		D3287930161CC5330023B38D /* NSManagedObject+MagicalRecord.m in Sources */ = {isa = PBXBuildFile; fileRef = D3287903161CC5330023B38D /* NSManagedObject+MagicalRecord.m */; };
		D3287931161CC5330023B38D /* NSManagedObject+MagicalRequests.m in Sources */ = {isa = PBXBuildFile; fileRef = D3287905161CC5330023B38D /* NSManagedObject+MagicalRequests.m */; };
		D3287932161CC5330023B38D /* NSManagedObjectContext+MagicalObserving.m in Sources */ = {isa = PBXBuildFile; fileRef = D3287908161CC5330023B38D /* NSManagedObjectContext+MagicalObserving.m */; };
		D3287933161CC5330023B38D /* NSManagedObjectContext+MagicalRecord.m in Sources */ = {isa = PBXBuildFile; fileRef = D328790A161CC5330023B38D /* NSManagedObjectContext+MagicalRecord.m */; };
		D3287934161CC5330023B38D /* NSManagedObjectContext+MagicalSaves.m in Sources */ = {isa = PBXBuildFile; fileRef = D328790C161CC5330023B38D /* NSManagedObjectContext+MagicalSaves.m */; };
		D3287935161CC5330023B38D /* NSManagedObjectContext+MagicalThreading.m in Sources */ = {isa = PBXBuildFile; fileRef = D328790E161CC5330023B38D /* NSManagedObjectContext+MagicalThreading.m */; };
		D3287936161CC5330023B38D /* NSManagedObjectModel+MagicalRecord.m in Sources */ = {isa = PBXBuildFile; fileRef = D3287910161CC5330023B38D /* NSManagedObjectModel+MagicalRecord.m */; };
		D3287937161CC5330023B38D /* NSPersistentStore+MagicalRecord.m in Sources */ = {isa = PBXBuildFile; fileRef = D3287912161CC5330023B38D /* NSPersistentStore+MagicalRecord.m */; };
		D3287938161CC5330023B38D /* NSPersistentStoreCoordinator+MagicalRecord.m in Sources */ = {isa = PBXBuildFile; fileRef = D3287914161CC5330023B38D /* NSPersistentStoreCoordinator+MagicalRecord.m */; };
		D3287939161CC5330023B38D /* MagicalRecord+Actions.m in Sources */ = {isa = PBXBuildFile; fileRef = D3287917161CC5330023B38D /* MagicalRecord+Actions.m */; };
		D328793A161CC5330023B38D /* MagicalRecord+ErrorHandling.m in Sources */ = {isa = PBXBuildFile; fileRef = D3287919161CC5330023B38D /* MagicalRecord+ErrorHandling.m */; };
		D328793B161CC5330023B38D /* MagicalRecord+iCloud.m in Sources */ = {isa = PBXBuildFile; fileRef = D328791B161CC5330023B38D /* MagicalRecord+iCloud.m */; };
		D328793C161CC5330023B38D /* MagicalRecord+Options.m in Sources */ = {isa = PBXBuildFile; fileRef = D328791D161CC5330023B38D /* MagicalRecord+Options.m */; };
		D328793D161CC5330023B38D /* MagicalRecord+Setup.m in Sources */ = {isa = PBXBuildFile; fileRef = D328791F161CC5330023B38D /* MagicalRecord+Setup.m */; };
		D328793E161CC5330023B38D /* MagicalRecord+ShorthandSupport.m in Sources */ = {isa = PBXBuildFile; fileRef = D3287921161CC5330023B38D /* MagicalRecord+ShorthandSupport.m */; };
		D328793F161CC5330023B38D /* MagicalRecord.m in Sources */ = {isa = PBXBuildFile; fileRef = D3287923161CC5330023B38D /* MagicalRecord.m */; };
/* End PBXBuildFile section */

/* Begin PBXContainerItemProxy section */
		D32878D0161CBEFF0023B38D /* PBXContainerItemProxy */ = {
			isa = PBXContainerItemProxy;
			containerPortal = D3287884161CBD500023B38D /* Project object */;
			proxyType = 1;
			remoteGlobalIDString = D32878CB161CBEC80023B38D;
			remoteInfo = Mogenerator;
		};
/* End PBXContainerItemProxy section */

/* Begin PBXFileReference section */
		D328788D161CBD500023B38D /* Region Monitor.app */ = {isa = PBXFileReference; explicitFileType = wrapper.application; includeInIndex = 0; path = "Region Monitor.app"; sourceTree = BUILT_PRODUCTS_DIR; };
		D3287891161CBD500023B38D /* UIKit.framework */ = {isa = PBXFileReference; lastKnownFileType = wrapper.framework; name = UIKit.framework; path = System/Library/Frameworks/UIKit.framework; sourceTree = SDKROOT; };
		D3287893161CBD500023B38D /* Foundation.framework */ = {isa = PBXFileReference; lastKnownFileType = wrapper.framework; name = Foundation.framework; path = System/Library/Frameworks/Foundation.framework; sourceTree = SDKROOT; };
		D3287895161CBD500023B38D /* CoreGraphics.framework */ = {isa = PBXFileReference; lastKnownFileType = wrapper.framework; name = CoreGraphics.framework; path = System/Library/Frameworks/CoreGraphics.framework; sourceTree = SDKROOT; };
		D3287897161CBD500023B38D /* CoreData.framework */ = {isa = PBXFileReference; lastKnownFileType = wrapper.framework; name = CoreData.framework; path = System/Library/Frameworks/CoreData.framework; sourceTree = SDKROOT; };
		D328789B161CBD500023B38D /* Region Monitor-Info.plist */ = {isa = PBXFileReference; lastKnownFileType = text.plist.xml; path = "Region Monitor-Info.plist"; sourceTree = "<group>"; };
		D328789D161CBD500023B38D /* en */ = {isa = PBXFileReference; lastKnownFileType = text.plist.strings; name = en; path = en.lproj/InfoPlist.strings; sourceTree = "<group>"; };
		D328789F161CBD500023B38D /* main.m */ = {isa = PBXFileReference; lastKnownFileType = sourcecode.c.objc; path = main.m; sourceTree = "<group>"; };
		D32878A1161CBD500023B38D /* Region Monitor-Prefix.pch */ = {isa = PBXFileReference; lastKnownFileType = sourcecode.c.h; path = "Region Monitor-Prefix.pch"; sourceTree = "<group>"; };
		D32878A2161CBD500023B38D /* BPAppDelegate.h */ = {isa = PBXFileReference; lastKnownFileType = sourcecode.c.h; path = BPAppDelegate.h; sourceTree = "<group>"; };
		D32878A3161CBD500023B38D /* BPAppDelegate.m */ = {isa = PBXFileReference; lastKnownFileType = sourcecode.c.objc; path = BPAppDelegate.m; sourceTree = "<group>"; };
		D32878A5161CBD500023B38D /* Default.png */ = {isa = PBXFileReference; lastKnownFileType = image.png; path = Default.png; sourceTree = "<group>"; };
		D32878A7161CBD500023B38D /* Default@2x.png */ = {isa = PBXFileReference; lastKnownFileType = image.png; path = "Default@2x.png"; sourceTree = "<group>"; };
		D32878A9161CBD500023B38D /* Default-568h@2x.png */ = {isa = PBXFileReference; lastKnownFileType = image.png; path = "Default-568h@2x.png"; sourceTree = "<group>"; };
		D32878AC161CBD500023B38D /* Region_Monitor.xcdatamodel */ = {isa = PBXFileReference; lastKnownFileType = wrapper.xcdatamodel; path = Region_Monitor.xcdatamodel; sourceTree = "<group>"; };
		D32878D5161CBF590023B38D /* BPRegionMonitorViewController.h */ = {isa = PBXFileReference; fileEncoding = 4; lastKnownFileType = sourcecode.c.h; path = BPRegionMonitorViewController.h; sourceTree = "<group>"; };
		D32878D6161CBF590023B38D /* BPRegionMonitorViewController.m */ = {isa = PBXFileReference; fileEncoding = 4; lastKnownFileType = sourcecode.c.objc; path = BPRegionMonitorViewController.m; sourceTree = "<group>"; };
		D32878D7161CBF590023B38D /* BPRegionMonitorViewController.xib */ = {isa = PBXFileReference; fileEncoding = 4; lastKnownFileType = file.xib; path = BPRegionMonitorViewController.xib; sourceTree = "<group>"; };
		D32878DA161CBFCE0023B38D /* MapKit.framework */ = {isa = PBXFileReference; lastKnownFileType = wrapper.framework; name = MapKit.framework; path = System/Library/Frameworks/MapKit.framework; sourceTree = SDKROOT; };
		D32878DC161CC04C0023B38D /* _CDLocationEntry.h */ = {isa = PBXFileReference; fileEncoding = 4; lastKnownFileType = sourcecode.c.h; path = _CDLocationEntry.h; sourceTree = "<group>"; };
		D32878DD161CC04C0023B38D /* _CDLocationEntry.m */ = {isa = PBXFileReference; fileEncoding = 4; lastKnownFileType = sourcecode.c.objc; path = _CDLocationEntry.m; sourceTree = "<group>"; };
		D32878DE161CC04C0023B38D /* CDLocationEntry.h */ = {isa = PBXFileReference; fileEncoding = 4; lastKnownFileType = sourcecode.c.h; path = CDLocationEntry.h; sourceTree = "<group>"; };
		D32878DF161CC04C0023B38D /* CDLocationEntry.m */ = {isa = PBXFileReference; fileEncoding = 4; lastKnownFileType = sourcecode.c.objc; path = CDLocationEntry.m; sourceTree = "<group>"; };
		D32878E3161CC1290023B38D /* CoreLocation.framework */ = {isa = PBXFileReference; lastKnownFileType = wrapper.framework; name = CoreLocation.framework; path = System/Library/Frameworks/CoreLocation.framework; sourceTree = SDKROOT; };
		D32878ED161CC5330023B38D /* MagicalImportFunctions.h */ = {isa = PBXFileReference; fileEncoding = 4; lastKnownFileType = sourcecode.c.h; path = MagicalImportFunctions.h; sourceTree = "<group>"; };
		D32878EE161CC5330023B38D /* MagicalImportFunctions.m */ = {isa = PBXFileReference; fileEncoding = 4; lastKnownFileType = sourcecode.c.objc; path = MagicalImportFunctions.m; sourceTree = "<group>"; };
		D32878EF161CC5330023B38D /* NSAttributeDescription+MagicalDataImport.h */ = {isa = PBXFileReference; fileEncoding = 4; lastKnownFileType = sourcecode.c.h; path = "NSAttributeDescription+MagicalDataImport.h"; sourceTree = "<group>"; };
		D32878F0161CC5330023B38D /* NSAttributeDescription+MagicalDataImport.m */ = {isa = PBXFileReference; fileEncoding = 4; lastKnownFileType = sourcecode.c.objc; path = "NSAttributeDescription+MagicalDataImport.m"; sourceTree = "<group>"; };
		D32878F1161CC5330023B38D /* NSEntityDescription+MagicalDataImport.h */ = {isa = PBXFileReference; fileEncoding = 4; lastKnownFileType = sourcecode.c.h; path = "NSEntityDescription+MagicalDataImport.h"; sourceTree = "<group>"; };
		D32878F2161CC5330023B38D /* NSEntityDescription+MagicalDataImport.m */ = {isa = PBXFileReference; fileEncoding = 4; lastKnownFileType = sourcecode.c.objc; path = "NSEntityDescription+MagicalDataImport.m"; sourceTree = "<group>"; };
		D32878F3161CC5330023B38D /* NSNumber+MagicalDataImport.h */ = {isa = PBXFileReference; fileEncoding = 4; lastKnownFileType = sourcecode.c.h; path = "NSNumber+MagicalDataImport.h"; sourceTree = "<group>"; };
		D32878F4161CC5330023B38D /* NSNumber+MagicalDataImport.m */ = {isa = PBXFileReference; fileEncoding = 4; lastKnownFileType = sourcecode.c.objc; path = "NSNumber+MagicalDataImport.m"; sourceTree = "<group>"; };
		D32878F5161CC5330023B38D /* NSObject+MagicalDataImport.h */ = {isa = PBXFileReference; fileEncoding = 4; lastKnownFileType = sourcecode.c.h; path = "NSObject+MagicalDataImport.h"; sourceTree = "<group>"; };
		D32878F6161CC5330023B38D /* NSObject+MagicalDataImport.m */ = {isa = PBXFileReference; fileEncoding = 4; lastKnownFileType = sourcecode.c.objc; path = "NSObject+MagicalDataImport.m"; sourceTree = "<group>"; };
		D32878F7161CC5330023B38D /* NSRelationshipDescription+MagicalDataImport.h */ = {isa = PBXFileReference; fileEncoding = 4; lastKnownFileType = sourcecode.c.h; path = "NSRelationshipDescription+MagicalDataImport.h"; sourceTree = "<group>"; };
		D32878F8161CC5330023B38D /* NSRelationshipDescription+MagicalDataImport.m */ = {isa = PBXFileReference; fileEncoding = 4; lastKnownFileType = sourcecode.c.objc; path = "NSRelationshipDescription+MagicalDataImport.m"; sourceTree = "<group>"; };
		D32878F9161CC5330023B38D /* NSString+MagicalDataImport.h */ = {isa = PBXFileReference; fileEncoding = 4; lastKnownFileType = sourcecode.c.h; path = "NSString+MagicalDataImport.h"; sourceTree = "<group>"; };
		D32878FA161CC5330023B38D /* NSString+MagicalDataImport.m */ = {isa = PBXFileReference; fileEncoding = 4; lastKnownFileType = sourcecode.c.objc; path = "NSString+MagicalDataImport.m"; sourceTree = "<group>"; };
		D32878FC161CC5330023B38D /* NSManagedObject+MagicalAggregation.h */ = {isa = PBXFileReference; fileEncoding = 4; lastKnownFileType = sourcecode.c.h; path = "NSManagedObject+MagicalAggregation.h"; sourceTree = "<group>"; };
		D32878FD161CC5330023B38D /* NSManagedObject+MagicalAggregation.m */ = {isa = PBXFileReference; fileEncoding = 4; lastKnownFileType = sourcecode.c.objc; path = "NSManagedObject+MagicalAggregation.m"; sourceTree = "<group>"; };
		D32878FE161CC5330023B38D /* NSManagedObject+MagicalDataImport.h */ = {isa = PBXFileReference; fileEncoding = 4; lastKnownFileType = sourcecode.c.h; path = "NSManagedObject+MagicalDataImport.h"; sourceTree = "<group>"; };
		D32878FF161CC5330023B38D /* NSManagedObject+MagicalDataImport.m */ = {isa = PBXFileReference; fileEncoding = 4; lastKnownFileType = sourcecode.c.objc; path = "NSManagedObject+MagicalDataImport.m"; sourceTree = "<group>"; };
		D3287900161CC5330023B38D /* NSManagedObject+MagicalFinders.h */ = {isa = PBXFileReference; fileEncoding = 4; lastKnownFileType = sourcecode.c.h; path = "NSManagedObject+MagicalFinders.h"; sourceTree = "<group>"; };
		D3287901161CC5330023B38D /* NSManagedObject+MagicalFinders.m */ = {isa = PBXFileReference; fileEncoding = 4; lastKnownFileType = sourcecode.c.objc; path = "NSManagedObject+MagicalFinders.m"; sourceTree = "<group>"; };
		D3287902161CC5330023B38D /* NSManagedObject+MagicalRecord.h */ = {isa = PBXFileReference; fileEncoding = 4; lastKnownFileType = sourcecode.c.h; path = "NSManagedObject+MagicalRecord.h"; sourceTree = "<group>"; };
		D3287903161CC5330023B38D /* NSManagedObject+MagicalRecord.m */ = {isa = PBXFileReference; fileEncoding = 4; lastKnownFileType = sourcecode.c.objc; path = "NSManagedObject+MagicalRecord.m"; sourceTree = "<group>"; };
		D3287904161CC5330023B38D /* NSManagedObject+MagicalRequests.h */ = {isa = PBXFileReference; fileEncoding = 4; lastKnownFileType = sourcecode.c.h; path = "NSManagedObject+MagicalRequests.h"; sourceTree = "<group>"; };
		D3287905161CC5330023B38D /* NSManagedObject+MagicalRequests.m */ = {isa = PBXFileReference; fileEncoding = 4; lastKnownFileType = sourcecode.c.objc; path = "NSManagedObject+MagicalRequests.m"; sourceTree = "<group>"; };
		D3287907161CC5330023B38D /* NSManagedObjectContext+MagicalObserving.h */ = {isa = PBXFileReference; fileEncoding = 4; lastKnownFileType = sourcecode.c.h; path = "NSManagedObjectContext+MagicalObserving.h"; sourceTree = "<group>"; };
		D3287908161CC5330023B38D /* NSManagedObjectContext+MagicalObserving.m */ = {isa = PBXFileReference; fileEncoding = 4; lastKnownFileType = sourcecode.c.objc; path = "NSManagedObjectContext+MagicalObserving.m"; sourceTree = "<group>"; };
		D3287909161CC5330023B38D /* NSManagedObjectContext+MagicalRecord.h */ = {isa = PBXFileReference; fileEncoding = 4; lastKnownFileType = sourcecode.c.h; path = "NSManagedObjectContext+MagicalRecord.h"; sourceTree = "<group>"; };
		D328790A161CC5330023B38D /* NSManagedObjectContext+MagicalRecord.m */ = {isa = PBXFileReference; fileEncoding = 4; lastKnownFileType = sourcecode.c.objc; path = "NSManagedObjectContext+MagicalRecord.m"; sourceTree = "<group>"; };
		D328790B161CC5330023B38D /* NSManagedObjectContext+MagicalSaves.h */ = {isa = PBXFileReference; fileEncoding = 4; lastKnownFileType = sourcecode.c.h; path = "NSManagedObjectContext+MagicalSaves.h"; sourceTree = "<group>"; };
		D328790C161CC5330023B38D /* NSManagedObjectContext+MagicalSaves.m */ = {isa = PBXFileReference; fileEncoding = 4; lastKnownFileType = sourcecode.c.objc; path = "NSManagedObjectContext+MagicalSaves.m"; sourceTree = "<group>"; };
		D328790D161CC5330023B38D /* NSManagedObjectContext+MagicalThreading.h */ = {isa = PBXFileReference; fileEncoding = 4; lastKnownFileType = sourcecode.c.h; path = "NSManagedObjectContext+MagicalThreading.h"; sourceTree = "<group>"; };
		D328790E161CC5330023B38D /* NSManagedObjectContext+MagicalThreading.m */ = {isa = PBXFileReference; fileEncoding = 4; lastKnownFileType = sourcecode.c.objc; path = "NSManagedObjectContext+MagicalThreading.m"; sourceTree = "<group>"; };
		D328790F161CC5330023B38D /* NSManagedObjectModel+MagicalRecord.h */ = {isa = PBXFileReference; fileEncoding = 4; lastKnownFileType = sourcecode.c.h; path = "NSManagedObjectModel+MagicalRecord.h"; sourceTree = "<group>"; };
		D3287910161CC5330023B38D /* NSManagedObjectModel+MagicalRecord.m */ = {isa = PBXFileReference; fileEncoding = 4; lastKnownFileType = sourcecode.c.objc; path = "NSManagedObjectModel+MagicalRecord.m"; sourceTree = "<group>"; };
		D3287911161CC5330023B38D /* NSPersistentStore+MagicalRecord.h */ = {isa = PBXFileReference; fileEncoding = 4; lastKnownFileType = sourcecode.c.h; path = "NSPersistentStore+MagicalRecord.h"; sourceTree = "<group>"; };
		D3287912161CC5330023B38D /* NSPersistentStore+MagicalRecord.m */ = {isa = PBXFileReference; fileEncoding = 4; lastKnownFileType = sourcecode.c.objc; path = "NSPersistentStore+MagicalRecord.m"; sourceTree = "<group>"; };
		D3287913161CC5330023B38D /* NSPersistentStoreCoordinator+MagicalRecord.h */ = {isa = PBXFileReference; fileEncoding = 4; lastKnownFileType = sourcecode.c.h; path = "NSPersistentStoreCoordinator+MagicalRecord.h"; sourceTree = "<group>"; };
		D3287914161CC5330023B38D /* NSPersistentStoreCoordinator+MagicalRecord.m */ = {isa = PBXFileReference; fileEncoding = 4; lastKnownFileType = sourcecode.c.objc; path = "NSPersistentStoreCoordinator+MagicalRecord.m"; sourceTree = "<group>"; };
		D3287916161CC5330023B38D /* MagicalRecord+Actions.h */ = {isa = PBXFileReference; fileEncoding = 4; lastKnownFileType = sourcecode.c.h; path = "MagicalRecord+Actions.h"; sourceTree = "<group>"; };
		D3287917161CC5330023B38D /* MagicalRecord+Actions.m */ = {isa = PBXFileReference; fileEncoding = 4; lastKnownFileType = sourcecode.c.objc; path = "MagicalRecord+Actions.m"; sourceTree = "<group>"; };
		D3287918161CC5330023B38D /* MagicalRecord+ErrorHandling.h */ = {isa = PBXFileReference; fileEncoding = 4; lastKnownFileType = sourcecode.c.h; path = "MagicalRecord+ErrorHandling.h"; sourceTree = "<group>"; };
		D3287919161CC5330023B38D /* MagicalRecord+ErrorHandling.m */ = {isa = PBXFileReference; fileEncoding = 4; lastKnownFileType = sourcecode.c.objc; path = "MagicalRecord+ErrorHandling.m"; sourceTree = "<group>"; };
		D328791A161CC5330023B38D /* MagicalRecord+iCloud.h */ = {isa = PBXFileReference; fileEncoding = 4; lastKnownFileType = sourcecode.c.h; path = "MagicalRecord+iCloud.h"; sourceTree = "<group>"; };
		D328791B161CC5330023B38D /* MagicalRecord+iCloud.m */ = {isa = PBXFileReference; fileEncoding = 4; lastKnownFileType = sourcecode.c.objc; path = "MagicalRecord+iCloud.m"; sourceTree = "<group>"; };
		D328791C161CC5330023B38D /* MagicalRecord+Options.h */ = {isa = PBXFileReference; fileEncoding = 4; lastKnownFileType = sourcecode.c.h; path = "MagicalRecord+Options.h"; sourceTree = "<group>"; };
		D328791D161CC5330023B38D /* MagicalRecord+Options.m */ = {isa = PBXFileReference; fileEncoding = 4; lastKnownFileType = sourcecode.c.objc; path = "MagicalRecord+Options.m"; sourceTree = "<group>"; };
		D328791E161CC5330023B38D /* MagicalRecord+Setup.h */ = {isa = PBXFileReference; fileEncoding = 4; lastKnownFileType = sourcecode.c.h; path = "MagicalRecord+Setup.h"; sourceTree = "<group>"; };
		D328791F161CC5330023B38D /* MagicalRecord+Setup.m */ = {isa = PBXFileReference; fileEncoding = 4; lastKnownFileType = sourcecode.c.objc; path = "MagicalRecord+Setup.m"; sourceTree = "<group>"; };
		D3287920161CC5330023B38D /* MagicalRecord+ShorthandSupport.h */ = {isa = PBXFileReference; fileEncoding = 4; lastKnownFileType = sourcecode.c.h; path = "MagicalRecord+ShorthandSupport.h"; sourceTree = "<group>"; };
		D3287921161CC5330023B38D /* MagicalRecord+ShorthandSupport.m */ = {isa = PBXFileReference; fileEncoding = 4; lastKnownFileType = sourcecode.c.objc; path = "MagicalRecord+ShorthandSupport.m"; sourceTree = "<group>"; };
		D3287922161CC5330023B38D /* MagicalRecord.h */ = {isa = PBXFileReference; fileEncoding = 4; lastKnownFileType = sourcecode.c.h; path = MagicalRecord.h; sourceTree = "<group>"; };
		D3287923161CC5330023B38D /* MagicalRecord.m */ = {isa = PBXFileReference; fileEncoding = 4; lastKnownFileType = sourcecode.c.objc; path = MagicalRecord.m; sourceTree = "<group>"; };
		D3287924161CC5330023B38D /* MagicalRecordShorthand.h */ = {isa = PBXFileReference; fileEncoding = 4; lastKnownFileType = sourcecode.c.h; path = MagicalRecordShorthand.h; sourceTree = "<group>"; };
		D3287925161CC5330023B38D /* CoreData+MagicalRecord.h */ = {isa = PBXFileReference; fileEncoding = 4; lastKnownFileType = sourcecode.c.h; path = "CoreData+MagicalRecord.h"; sourceTree = "<group>"; };
/* End PBXFileReference section */

/* Begin PBXFrameworksBuildPhase section */
		D328788A161CBD500023B38D /* Frameworks */ = {
			isa = PBXFrameworksBuildPhase;
			buildActionMask = 2147483647;
			files = (
				D32878E4161CC1290023B38D /* CoreLocation.framework in Frameworks */,
				D32878DB161CBFCE0023B38D /* MapKit.framework in Frameworks */,
				D3287892161CBD500023B38D /* UIKit.framework in Frameworks */,
				D3287894161CBD500023B38D /* Foundation.framework in Frameworks */,
				D3287896161CBD500023B38D /* CoreGraphics.framework in Frameworks */,
				D3287898161CBD500023B38D /* CoreData.framework in Frameworks */,
			);
			runOnlyForDeploymentPostprocessing = 0;
		};
/* End PBXFrameworksBuildPhase section */

/* Begin PBXGroup section */
		D3287882161CBD500023B38D = {
			isa = PBXGroup;
			children = (
				D32878E2161CC0BA0023B38D /* 3rdParty */,
				D3287899161CBD500023B38D /* Region Monitor */,
				D3287890161CBD500023B38D /* Frameworks */,
				D328788E161CBD500023B38D /* Products */,
			);
			sourceTree = "<group>";
		};
		D328788E161CBD500023B38D /* Products */ = {
			isa = PBXGroup;
			children = (
				D328788D161CBD500023B38D /* Region Monitor.app */,
			);
			name = Products;
			sourceTree = "<group>";
		};
		D3287890161CBD500023B38D /* Frameworks */ = {
			isa = PBXGroup;
			children = (
				D32878E3161CC1290023B38D /* CoreLocation.framework */,
				D32878DA161CBFCE0023B38D /* MapKit.framework */,
				D3287891161CBD500023B38D /* UIKit.framework */,
				D3287893161CBD500023B38D /* Foundation.framework */,
				D3287895161CBD500023B38D /* CoreGraphics.framework */,
				D3287897161CBD500023B38D /* CoreData.framework */,
			);
			name = Frameworks;
			sourceTree = "<group>";
		};
		D3287899161CBD500023B38D /* Region Monitor */ = {
			isa = PBXGroup;
			children = (
				D32878D4161CBF320023B38D /* Controllers */,
				D32878D2161CBF030023B38D /* Model */,
				D32878A2161CBD500023B38D /* BPAppDelegate.h */,
				D32878A3161CBD500023B38D /* BPAppDelegate.m */,
				D328789A161CBD500023B38D /* Supporting Files */,
			);
			path = "Region Monitor";
			sourceTree = "<group>";
		};
		D328789A161CBD500023B38D /* Supporting Files */ = {
			isa = PBXGroup;
			children = (
				D328789B161CBD500023B38D /* Region Monitor-Info.plist */,
				D328789C161CBD500023B38D /* InfoPlist.strings */,
				D328789F161CBD500023B38D /* main.m */,
				D32878A1161CBD500023B38D /* Region Monitor-Prefix.pch */,
				D32878A5161CBD500023B38D /* Default.png */,
				D32878A7161CBD500023B38D /* Default@2x.png */,
				D32878A9161CBD500023B38D /* Default-568h@2x.png */,
			);
			name = "Supporting Files";
			sourceTree = "<group>";
		};
		D32878D2161CBF030023B38D /* Model */ = {
			isa = PBXGroup;
			children = (
				D32878D3161CBF080023B38D /* Generated */,
				D32878DE161CC04C0023B38D /* CDLocationEntry.h */,
				D32878DF161CC04C0023B38D /* CDLocationEntry.m */,
				D32878AB161CBD500023B38D /* Region_Monitor.xcdatamodeld */,
			);
			name = Model;
			sourceTree = "<group>";
		};
		D32878D3161CBF080023B38D /* Generated */ = {
			isa = PBXGroup;
			children = (
				D32878DC161CC04C0023B38D /* _CDLocationEntry.h */,
				D32878DD161CC04C0023B38D /* _CDLocationEntry.m */,
			);
			name = Generated;
			sourceTree = "<group>";
		};
		D32878D4161CBF320023B38D /* Controllers */ = {
			isa = PBXGroup;
			children = (
				D32878D5161CBF590023B38D /* BPRegionMonitorViewController.h */,
				D32878D6161CBF590023B38D /* BPRegionMonitorViewController.m */,
				D32878D7161CBF590023B38D /* BPRegionMonitorViewController.xib */,
			);
			name = Controllers;
			sourceTree = "<group>";
		};
		D32878E2161CC0BA0023B38D /* 3rdParty */ = {
			isa = PBXGroup;
			children = (
				D32878EA161CC5330023B38D /* MagicalRecord */,
			);
			name = 3rdParty;
			path = "Region Monitor";
			sourceTree = "<group>";
		};
		D32878EA161CC5330023B38D /* MagicalRecord */ = {
			isa = PBXGroup;
			children = (
				D32878EB161CC5330023B38D /* Categories */,
				D3287915161CC5330023B38D /* Core */,
				D3287925161CC5330023B38D /* CoreData+MagicalRecord.h */,
			);
			name = MagicalRecord;
			path = 3rdParty/MagicalRecord/MagicalRecord;
			sourceTree = SOURCE_ROOT;
		};
		D32878EB161CC5330023B38D /* Categories */ = {
			isa = PBXGroup;
			children = (
				D32878EC161CC5330023B38D /* DataImport */,
				D32878FB161CC5330023B38D /* NSManagedObject */,
				D3287906161CC5330023B38D /* NSManagedObjectContext */,
				D328790F161CC5330023B38D /* NSManagedObjectModel+MagicalRecord.h */,
				D3287910161CC5330023B38D /* NSManagedObjectModel+MagicalRecord.m */,
				D3287911161CC5330023B38D /* NSPersistentStore+MagicalRecord.h */,
				D3287912161CC5330023B38D /* NSPersistentStore+MagicalRecord.m */,
				D3287913161CC5330023B38D /* NSPersistentStoreCoordinator+MagicalRecord.h */,
				D3287914161CC5330023B38D /* NSPersistentStoreCoordinator+MagicalRecord.m */,
			);
			path = Categories;
			sourceTree = "<group>";
		};
		D32878EC161CC5330023B38D /* DataImport */ = {
			isa = PBXGroup;
			children = (
				D32878ED161CC5330023B38D /* MagicalImportFunctions.h */,
				D32878EE161CC5330023B38D /* MagicalImportFunctions.m */,
				D32878EF161CC5330023B38D /* NSAttributeDescription+MagicalDataImport.h */,
				D32878F0161CC5330023B38D /* NSAttributeDescription+MagicalDataImport.m */,
				D32878F1161CC5330023B38D /* NSEntityDescription+MagicalDataImport.h */,
				D32878F2161CC5330023B38D /* NSEntityDescription+MagicalDataImport.m */,
				D32878F3161CC5330023B38D /* NSNumber+MagicalDataImport.h */,
				D32878F4161CC5330023B38D /* NSNumber+MagicalDataImport.m */,
				D32878F5161CC5330023B38D /* NSObject+MagicalDataImport.h */,
				D32878F6161CC5330023B38D /* NSObject+MagicalDataImport.m */,
				D32878F7161CC5330023B38D /* NSRelationshipDescription+MagicalDataImport.h */,
				D32878F8161CC5330023B38D /* NSRelationshipDescription+MagicalDataImport.m */,
				D32878F9161CC5330023B38D /* NSString+MagicalDataImport.h */,
				D32878FA161CC5330023B38D /* NSString+MagicalDataImport.m */,
			);
			path = DataImport;
			sourceTree = "<group>";
		};
		D32878FB161CC5330023B38D /* NSManagedObject */ = {
			isa = PBXGroup;
			children = (
				D32878FC161CC5330023B38D /* NSManagedObject+MagicalAggregation.h */,
				D32878FD161CC5330023B38D /* NSManagedObject+MagicalAggregation.m */,
				D32878FE161CC5330023B38D /* NSManagedObject+MagicalDataImport.h */,
				D32878FF161CC5330023B38D /* NSManagedObject+MagicalDataImport.m */,
				D3287900161CC5330023B38D /* NSManagedObject+MagicalFinders.h */,
				D3287901161CC5330023B38D /* NSManagedObject+MagicalFinders.m */,
				D3287902161CC5330023B38D /* NSManagedObject+MagicalRecord.h */,
				D3287903161CC5330023B38D /* NSManagedObject+MagicalRecord.m */,
				D3287904161CC5330023B38D /* NSManagedObject+MagicalRequests.h */,
				D3287905161CC5330023B38D /* NSManagedObject+MagicalRequests.m */,
			);
			path = NSManagedObject;
			sourceTree = "<group>";
		};
		D3287906161CC5330023B38D /* NSManagedObjectContext */ = {
			isa = PBXGroup;
			children = (
				D3287907161CC5330023B38D /* NSManagedObjectContext+MagicalObserving.h */,
				D3287908161CC5330023B38D /* NSManagedObjectContext+MagicalObserving.m */,
				D3287909161CC5330023B38D /* NSManagedObjectContext+MagicalRecord.h */,
				D328790A161CC5330023B38D /* NSManagedObjectContext+MagicalRecord.m */,
				D328790B161CC5330023B38D /* NSManagedObjectContext+MagicalSaves.h */,
				D328790C161CC5330023B38D /* NSManagedObjectContext+MagicalSaves.m */,
				D328790D161CC5330023B38D /* NSManagedObjectContext+MagicalThreading.h */,
				D328790E161CC5330023B38D /* NSManagedObjectContext+MagicalThreading.m */,
			);
			path = NSManagedObjectContext;
			sourceTree = "<group>";
		};
		D3287915161CC5330023B38D /* Core */ = {
			isa = PBXGroup;
			children = (
				D3287916161CC5330023B38D /* MagicalRecord+Actions.h */,
				D3287917161CC5330023B38D /* MagicalRecord+Actions.m */,
				D3287918161CC5330023B38D /* MagicalRecord+ErrorHandling.h */,
				D3287919161CC5330023B38D /* MagicalRecord+ErrorHandling.m */,
				D328791A161CC5330023B38D /* MagicalRecord+iCloud.h */,
				D328791B161CC5330023B38D /* MagicalRecord+iCloud.m */,
				D328791C161CC5330023B38D /* MagicalRecord+Options.h */,
				D328791D161CC5330023B38D /* MagicalRecord+Options.m */,
				D328791E161CC5330023B38D /* MagicalRecord+Setup.h */,
				D328791F161CC5330023B38D /* MagicalRecord+Setup.m */,
				D3287920161CC5330023B38D /* MagicalRecord+ShorthandSupport.h */,
				D3287921161CC5330023B38D /* MagicalRecord+ShorthandSupport.m */,
				D3287922161CC5330023B38D /* MagicalRecord.h */,
				D3287923161CC5330023B38D /* MagicalRecord.m */,
				D3287924161CC5330023B38D /* MagicalRecordShorthand.h */,
			);
			path = Core;
			sourceTree = "<group>";
		};
/* End PBXGroup section */

/* Begin PBXNativeTarget section */
		D328788C161CBD500023B38D /* Region Monitor */ = {
			isa = PBXNativeTarget;
			buildConfigurationList = D32878B0161CBD500023B38D /* Build configuration list for PBXNativeTarget "Region Monitor" */;
			buildPhases = (
				D3287889161CBD500023B38D /* Sources */,
				D328788A161CBD500023B38D /* Frameworks */,
				D328788B161CBD500023B38D /* Resources */,
			);
			buildRules = (
			);
			dependencies = (
				D32878D1161CBEFF0023B38D /* PBXTargetDependency */,
			);
			name = "Region Monitor";
			productName = "Region Monitor";
			productReference = D328788D161CBD500023B38D /* Region Monitor.app */;
			productType = "com.apple.product-type.application";
		};
/* End PBXNativeTarget section */

/* Begin PBXProject section */
		D3287884161CBD500023B38D /* Project object */ = {
			isa = PBXProject;
			attributes = {
				CLASSPREFIX = BP;
				LastUpgradeCheck = 0450;
				ORGANIZATIONNAME = "Brian Partridge";
			};
			buildConfigurationList = D3287887161CBD500023B38D /* Build configuration list for PBXProject "Region Monitor" */;
			compatibilityVersion = "Xcode 3.2";
			developmentRegion = English;
			hasScannedForEncodings = 0;
			knownRegions = (
				en,
			);
			mainGroup = D3287882161CBD500023B38D;
			productRefGroup = D328788E161CBD500023B38D /* Products */;
			projectDirPath = "";
			projectRoot = "";
			targets = (
				D328788C161CBD500023B38D /* Region Monitor */,
				D32878CB161CBEC80023B38D /* Mogenerator */,
			);
		};
/* End PBXProject section */

/* Begin PBXResourcesBuildPhase section */
		D328788B161CBD500023B38D /* Resources */ = {
			isa = PBXResourcesBuildPhase;
			buildActionMask = 2147483647;
			files = (
				D328789E161CBD500023B38D /* InfoPlist.strings in Resources */,
				D32878A6161CBD500023B38D /* Default.png in Resources */,
				D32878A8161CBD500023B38D /* Default@2x.png in Resources */,
				D32878AA161CBD500023B38D /* Default-568h@2x.png in Resources */,
				D32878D9161CBF590023B38D /* BPRegionMonitorViewController.xib in Resources */,
			);
			runOnlyForDeploymentPostprocessing = 0;
		};
/* End PBXResourcesBuildPhase section */

/* Begin PBXShellScriptBuildPhase section */
		D32878CF161CBECF0023B38D /* ShellScript */ = {
			isa = PBXShellScriptBuildPhase;
			buildActionMask = 2147483647;
			files = (
			);
			inputPaths = (
			);
			outputPaths = (
			);
			runOnlyForDeploymentPostprocessing = 0;
			shellPath = /bin/sh;
			shellScript = "MODEL_NAME=\"Region_Monitor\"\ncd \"Region Monitor\"\n/usr/local/bin/mogenerator -m $MODEL_NAME.xcdatamodeld/$MODEL_NAME.xcdatamodel --template-var arc=true";
		};
/* End PBXShellScriptBuildPhase section */

/* Begin PBXSourcesBuildPhase section */
		D3287889161CBD500023B38D /* Sources */ = {
			isa = PBXSourcesBuildPhase;
			buildActionMask = 2147483647;
			files = (
				D32878A0161CBD500023B38D /* main.m in Sources */,
				D32878A4161CBD500023B38D /* BPAppDelegate.m in Sources */,
				D32878AD161CBD500023B38D /* Region_Monitor.xcdatamodeld in Sources */,
				D32878D8161CBF590023B38D /* BPRegionMonitorViewController.m in Sources */,
				D32878E0161CC04C0023B38D /* _CDLocationEntry.m in Sources */,
				D32878E1161CC04C0023B38D /* CDLocationEntry.m in Sources */,
				D3287926161CC5330023B38D /* MagicalImportFunctions.m in Sources */,
				D3287927161CC5330023B38D /* NSAttributeDescription+MagicalDataImport.m in Sources */,
				D3287928161CC5330023B38D /* NSEntityDescription+MagicalDataImport.m in Sources */,
				D3287929161CC5330023B38D /* NSNumber+MagicalDataImport.m in Sources */,
				D328792A161CC5330023B38D /* NSObject+MagicalDataImport.m in Sources */,
				D328792B161CC5330023B38D /* NSRelationshipDescription+MagicalDataImport.m in Sources */,
				D328792C161CC5330023B38D /* NSString+MagicalDataImport.m in Sources */,
				D328792D161CC5330023B38D /* NSManagedObject+MagicalAggregation.m in Sources */,
				D328792E161CC5330023B38D /* NSManagedObject+MagicalDataImport.m in Sources */,
				D328792F161CC5330023B38D /* NSManagedObject+MagicalFinders.m in Sources */,
				D3287930161CC5330023B38D /* NSManagedObject+MagicalRecord.m in Sources */,
				D3287931161CC5330023B38D /* NSManagedObject+MagicalRequests.m in Sources */,
				D3287932161CC5330023B38D /* NSManagedObjectContext+MagicalObserving.m in Sources */,
				D3287933161CC5330023B38D /* NSManagedObjectContext+MagicalRecord.m in Sources */,
				D3287934161CC5330023B38D /* NSManagedObjectContext+MagicalSaves.m in Sources */,
				D3287935161CC5330023B38D /* NSManagedObjectContext+MagicalThreading.m in Sources */,
				D3287936161CC5330023B38D /* NSManagedObjectModel+MagicalRecord.m in Sources */,
				D3287937161CC5330023B38D /* NSPersistentStore+MagicalRecord.m in Sources */,
				D3287938161CC5330023B38D /* NSPersistentStoreCoordinator+MagicalRecord.m in Sources */,
				D3287939161CC5330023B38D /* MagicalRecord+Actions.m in Sources */,
				D328793A161CC5330023B38D /* MagicalRecord+ErrorHandling.m in Sources */,
				D328793B161CC5330023B38D /* MagicalRecord+iCloud.m in Sources */,
				D328793C161CC5330023B38D /* MagicalRecord+Options.m in Sources */,
				D328793D161CC5330023B38D /* MagicalRecord+Setup.m in Sources */,
				D328793E161CC5330023B38D /* MagicalRecord+ShorthandSupport.m in Sources */,
				D328793F161CC5330023B38D /* MagicalRecord.m in Sources */,
			);
			runOnlyForDeploymentPostprocessing = 0;
		};
/* End PBXSourcesBuildPhase section */

/* Begin PBXTargetDependency section */
		D32878D1161CBEFF0023B38D /* PBXTargetDependency */ = {
			isa = PBXTargetDependency;
			target = D32878CB161CBEC80023B38D /* Mogenerator */;
			targetProxy = D32878D0161CBEFF0023B38D /* PBXContainerItemProxy */;
		};
/* End PBXTargetDependency section */

/* Begin PBXVariantGroup section */
		D328789C161CBD500023B38D /* InfoPlist.strings */ = {
			isa = PBXVariantGroup;
			children = (
				D328789D161CBD500023B38D /* en */,
			);
			name = InfoPlist.strings;
			sourceTree = "<group>";
		};
/* End PBXVariantGroup section */

/* Begin XCBuildConfiguration section */
		D32878AE161CBD500023B38D /* Debug */ = {
			isa = XCBuildConfiguration;
			buildSettings = {
				ALWAYS_SEARCH_USER_PATHS = NO;
				CLANG_CXX_LANGUAGE_STANDARD = "gnu++0x";
				CLANG_CXX_LIBRARY = "libc++";
				CLANG_ENABLE_OBJC_ARC = YES;
				CLANG_WARN_EMPTY_BODY = YES;
				CLANG_WARN__DUPLICATE_METHOD_MATCH = YES;
				"CODE_SIGN_IDENTITY[sdk=iphoneos*]" = "iPhone Developer";
				COPY_PHASE_STRIP = NO;
				GCC_C_LANGUAGE_STANDARD = gnu99;
				GCC_DYNAMIC_NO_PIC = NO;
				GCC_OPTIMIZATION_LEVEL = 0;
				GCC_PREPROCESSOR_DEFINITIONS = (
					"DEBUG=1",
					"$(inherited)",
				);
				GCC_SYMBOLS_PRIVATE_EXTERN = NO;
				GCC_WARN_ABOUT_RETURN_TYPE = YES;
				GCC_WARN_UNINITIALIZED_AUTOS = YES;
				GCC_WARN_UNUSED_VARIABLE = YES;
				IPHONEOS_DEPLOYMENT_TARGET = 6.0;
				SDKROOT = iphoneos;
			};
			name = Debug;
		};
		D32878AF161CBD500023B38D /* Release */ = {
			isa = XCBuildConfiguration;
			buildSettings = {
				ALWAYS_SEARCH_USER_PATHS = NO;
				CLANG_CXX_LANGUAGE_STANDARD = "gnu++0x";
				CLANG_CXX_LIBRARY = "libc++";
				CLANG_ENABLE_OBJC_ARC = YES;
				CLANG_WARN_EMPTY_BODY = YES;
				CLANG_WARN__DUPLICATE_METHOD_MATCH = YES;
				"CODE_SIGN_IDENTITY[sdk=iphoneos*]" = "iPhone Developer";
				COPY_PHASE_STRIP = YES;
				GCC_C_LANGUAGE_STANDARD = gnu99;
				GCC_WARN_ABOUT_RETURN_TYPE = YES;
				GCC_WARN_UNINITIALIZED_AUTOS = YES;
				GCC_WARN_UNUSED_VARIABLE = YES;
				IPHONEOS_DEPLOYMENT_TARGET = 6.0;
				OTHER_CFLAGS = "-DNS_BLOCK_ASSERTIONS=1";
				SDKROOT = iphoneos;
				VALIDATE_PRODUCT = YES;
			};
			name = Release;
		};
		D32878B1161CBD500023B38D /* Debug */ = {
			isa = XCBuildConfiguration;
			buildSettings = {
				GCC_PRECOMPILE_PREFIX_HEADER = YES;
				GCC_PREFIX_HEADER = "Region Monitor/Region Monitor-Prefix.pch";
				INFOPLIST_FILE = "Region Monitor/Region Monitor-Info.plist";
				OTHER_LDFLAGS = (
					"-ObjC",
					"-all_load",
				);
				PRODUCT_NAME = "$(TARGET_NAME)";
				USER_HEADER_SEARCH_PATHS = "3rdParty/MagicalRecord/MacicalRecord/**";
				WRAPPER_EXTENSION = app;
			};
			name = Debug;
		};
		D32878B2161CBD500023B38D /* Release */ = {
			isa = XCBuildConfiguration;
			buildSettings = {
				GCC_PRECOMPILE_PREFIX_HEADER = YES;
				GCC_PREFIX_HEADER = "Region Monitor/Region Monitor-Prefix.pch";
				INFOPLIST_FILE = "Region Monitor/Region Monitor-Info.plist";
				OTHER_LDFLAGS = (
					"-ObjC",
					"-all_load",
				);
				PRODUCT_NAME = "$(TARGET_NAME)";
				USER_HEADER_SEARCH_PATHS = "3rdParty/MagicalRecord/MacicalRecord/**";
				WRAPPER_EXTENSION = app;
			};
			name = Release;
		};
		D32878CD161CBEC80023B38D /* Debug */ = {
			isa = XCBuildConfiguration;
			buildSettings = {
				PRODUCT_NAME = "$(TARGET_NAME)";
			};
			name = Debug;
		};
		D32878CE161CBEC80023B38D /* Release */ = {
			isa = XCBuildConfiguration;
			buildSettings = {
				PRODUCT_NAME = "$(TARGET_NAME)";
			};
			name = Release;
		};
/* End XCBuildConfiguration section */

/* Begin XCConfigurationList section */
		D3287887161CBD500023B38D /* Build configuration list for PBXProject "Region Monitor" */ = {
			isa = XCConfigurationList;
			buildConfigurations = (
				D32878AE161CBD500023B38D /* Debug */,
				D32878AF161CBD500023B38D /* Release */,
			);
			defaultConfigurationIsVisible = 0;
			defaultConfigurationName = Release;
		};
		D32878B0161CBD500023B38D /* Build configuration list for PBXNativeTarget "Region Monitor" */ = {
			isa = XCConfigurationList;
			buildConfigurations = (
				D32878B1161CBD500023B38D /* Debug */,
				D32878B2161CBD500023B38D /* Release */,
			);
			defaultConfigurationIsVisible = 0;
		};
		D32878CC161CBEC80023B38D /* Build configuration list for PBXAggregateTarget "Mogenerator" */ = {
			isa = XCConfigurationList;
			buildConfigurations = (
				D32878CD161CBEC80023B38D /* Debug */,
				D32878CE161CBEC80023B38D /* Release */,
			);
			defaultConfigurationIsVisible = 0;
		};
/* End XCConfigurationList section */

/* Begin XCVersionGroup section */
		D32878AB161CBD500023B38D /* Region_Monitor.xcdatamodeld */ = {
			isa = XCVersionGroup;
			children = (
				D32878AC161CBD500023B38D /* Region_Monitor.xcdatamodel */,
			);
			currentVersion = D32878AC161CBD500023B38D /* Region_Monitor.xcdatamodel */;
			path = Region_Monitor.xcdatamodeld;
			sourceTree = "<group>";
			versionGroupType = wrapper.xcdatamodel;
		};
/* End XCVersionGroup section */
	};
	rootObject = D3287884161CBD500023B38D /* Project object */;
}
